// !$*UTF8*$!
{
	archiveVersion = 1;
	classes = {
	};
	objectVersion = 56;
	objects = {

/* Begin PBXBuildFile section */
		3D9C346229F061FA00FBCFAB /* PokemonDetailView.swift in Sources */ = {isa = PBXBuildFile; fileRef = 3D9C346129F061FA00FBCFAB /* PokemonDetailView.swift */; };
		3D9C346429F0ADBF00FBCFAB /* NavigationController+Extensions.swift in Sources */ = {isa = PBXBuildFile; fileRef = 3D9C346329F0ADBF00FBCFAB /* NavigationController+Extensions.swift */; };
		3D9C346629F0B37200FBCFAB /* FetchPokemonListUseCase.swift in Sources */ = {isa = PBXBuildFile; fileRef = 3D9C346529F0B37200FBCFAB /* FetchPokemonListUseCase.swift */; };
		3D9C346829F0BA2500FBCFAB /* PokemonDetailViewModel.swift in Sources */ = {isa = PBXBuildFile; fileRef = 3D9C346729F0BA2500FBCFAB /* PokemonDetailViewModel.swift */; };
		3D9C346A29F0C1B500FBCFAB /* PokemonDetailEntities.swift in Sources */ = {isa = PBXBuildFile; fileRef = 3D9C346929F0C1B500FBCFAB /* PokemonDetailEntities.swift */; };
		3D9C346C29F0C30400FBCFAB /* HomeViewRepository.swift in Sources */ = {isa = PBXBuildFile; fileRef = 3D9C346B29F0C30400FBCFAB /* HomeViewRepository.swift */; };
		3D9C346E29F0C82600FBCFAB /* HomeEntities.swift in Sources */ = {isa = PBXBuildFile; fileRef = 3D9C346D29F0C82600FBCFAB /* HomeEntities.swift */; };
		3D9C347029F0D9AD00FBCFAB /* PokemonDetailRepository.swift in Sources */ = {isa = PBXBuildFile; fileRef = 3D9C346F29F0D9AD00FBCFAB /* PokemonDetailRepository.swift */; };
		3D9C347229F0DA8D00FBCFAB /* FetchPokemonUseCase.swift in Sources */ = {isa = PBXBuildFile; fileRef = 3D9C347129F0DA8D00FBCFAB /* FetchPokemonUseCase.swift */; };
		3D9C347429F0E70D00FBCFAB /* PokemonDescriptionView.swift in Sources */ = {isa = PBXBuildFile; fileRef = 3D9C347329F0E70D00FBCFAB /* PokemonDescriptionView.swift */; };
		3DA9319529F1B21A00F4D5BD /* SDWebImageSwiftUI in Frameworks */ = {isa = PBXBuildFile; productRef = 3DA9319429F1B21A00F4D5BD /* SDWebImageSwiftUI */; };
		3DA9319729F1B27900F4D5BD /* HomeEntitiesDatabase.swift in Sources */ = {isa = PBXBuildFile; fileRef = 3DA9319629F1B27900F4D5BD /* HomeEntitiesDatabase.swift */; };
		3DA9319A29F1B36500F4D5BD /* DatabaseManager.swift in Sources */ = {isa = PBXBuildFile; fileRef = 3DA9319929F1B36500F4D5BD /* DatabaseManager.swift */; };
		3DA9319C29F1D5EF00F4D5BD /* WriteToDatabaseUseCase.swift in Sources */ = {isa = PBXBuildFile; fileRef = 3DA9319B29F1D5EF00F4D5BD /* WriteToDatabaseUseCase.swift */; };
		3DA9319F29F1E56E00F4D5BD /* Realm in Frameworks */ = {isa = PBXBuildFile; productRef = 3DA9319E29F1E56E00F4D5BD /* Realm */; };
		3DA931A129F1E56E00F4D5BD /* RealmSwift in Frameworks */ = {isa = PBXBuildFile; productRef = 3DA931A029F1E56E00F4D5BD /* RealmSwift */; };
		3DCE8E2829EF844A0018588F /* PokemonListItemView.swift in Sources */ = {isa = PBXBuildFile; fileRef = 3DCE8E2729EF844A0018588F /* PokemonListItemView.swift */; };
		3DCE8E3329EF94F60018588F /* APIService.swift in Sources */ = {isa = PBXBuildFile; fileRef = 3DCE8E2F29EF94F60018588F /* APIService.swift */; };
		3DCE8E3429EF94F60018588F /* Endpoint.swift in Sources */ = {isa = PBXBuildFile; fileRef = 3DCE8E3029EF94F60018588F /* Endpoint.swift */; };
		3DCE8E3829EFB34F0018588F /* HomeViewModel.swift in Sources */ = {isa = PBXBuildFile; fileRef = 3DCE8E3729EFB34F0018588F /* HomeViewModel.swift */; };
		3DF64D0529F2300400723C71 /* NetworkMonitor.swift in Sources */ = {isa = PBXBuildFile; fileRef = 3DF64D0429F2300400723C71 /* NetworkMonitor.swift */; };
		78BE609329EB445500841486 /* assessment_iosApp.swift in Sources */ = {isa = PBXBuildFile; fileRef = 78BE609229EB445500841486 /* assessment_iosApp.swift */; };
		78BE609529EB445500841486 /* HomeView.swift in Sources */ = {isa = PBXBuildFile; fileRef = 78BE609429EB445500841486 /* HomeView.swift */; };
		78BE609729EB445700841486 /* Assets.xcassets in Resources */ = {isa = PBXBuildFile; fileRef = 78BE609629EB445700841486 /* Assets.xcassets */; };
		78BE609A29EB445700841486 /* Preview Assets.xcassets in Resources */ = {isa = PBXBuildFile; fileRef = 78BE609929EB445700841486 /* Preview Assets.xcassets */; };
		78BE609C29EB445700841486 /* Persistence.swift in Sources */ = {isa = PBXBuildFile; fileRef = 78BE609B29EB445700841486 /* Persistence.swift */; };
		78BE609F29EB445700841486 /* assessment_ios.xcdatamodeld in Sources */ = {isa = PBXBuildFile; fileRef = 78BE609D29EB445700841486 /* assessment_ios.xcdatamodeld */; };
		78BE60A929EB445700841486 /* assessment_iosTests.swift in Sources */ = {isa = PBXBuildFile; fileRef = 78BE60A829EB445700841486 /* assessment_iosTests.swift */; };
		78BE60B329EB445700841486 /* assessment_iosUITests.swift in Sources */ = {isa = PBXBuildFile; fileRef = 78BE60B229EB445700841486 /* assessment_iosUITests.swift */; };
		78BE60B529EB445700841486 /* assessment_iosUITestsLaunchTests.swift in Sources */ = {isa = PBXBuildFile; fileRef = 78BE60B429EB445700841486 /* assessment_iosUITestsLaunchTests.swift */; };
		78BE60CA29EB4A6000841486 /* Util.swift in Sources */ = {isa = PBXBuildFile; fileRef = 78BE60C929EB4A6000841486 /* Util.swift */; };
		78BE60CE29EB5D8D00841486 /* README.md in Resources */ = {isa = PBXBuildFile; fileRef = 78BE60CD29EB5D8D00841486 /* README.md */; };
/* End PBXBuildFile section */

/* Begin PBXContainerItemProxy section */
		78BE60A529EB445700841486 /* PBXContainerItemProxy */ = {
			isa = PBXContainerItemProxy;
			containerPortal = 78BE608729EB445500841486 /* Project object */;
			proxyType = 1;
			remoteGlobalIDString = 78BE608E29EB445500841486;
			remoteInfo = "assessment-ios";
		};
		78BE60AF29EB445700841486 /* PBXContainerItemProxy */ = {
			isa = PBXContainerItemProxy;
			containerPortal = 78BE608729EB445500841486 /* Project object */;
			proxyType = 1;
			remoteGlobalIDString = 78BE608E29EB445500841486;
			remoteInfo = "assessment-ios";
		};
/* End PBXContainerItemProxy section */

/* Begin PBXFileReference section */
		3D9C346129F061FA00FBCFAB /* PokemonDetailView.swift */ = {isa = PBXFileReference; lastKnownFileType = sourcecode.swift; path = PokemonDetailView.swift; sourceTree = "<group>"; };
		3D9C346329F0ADBF00FBCFAB /* NavigationController+Extensions.swift */ = {isa = PBXFileReference; lastKnownFileType = sourcecode.swift; path = "NavigationController+Extensions.swift"; sourceTree = "<group>"; };
		3D9C346529F0B37200FBCFAB /* FetchPokemonListUseCase.swift */ = {isa = PBXFileReference; lastKnownFileType = sourcecode.swift; path = FetchPokemonListUseCase.swift; sourceTree = "<group>"; };
		3D9C346729F0BA2500FBCFAB /* PokemonDetailViewModel.swift */ = {isa = PBXFileReference; lastKnownFileType = sourcecode.swift; path = PokemonDetailViewModel.swift; sourceTree = "<group>"; };
		3D9C346929F0C1B500FBCFAB /* PokemonDetailEntities.swift */ = {isa = PBXFileReference; lastKnownFileType = sourcecode.swift; path = PokemonDetailEntities.swift; sourceTree = "<group>"; };
		3D9C346B29F0C30400FBCFAB /* HomeViewRepository.swift */ = {isa = PBXFileReference; lastKnownFileType = sourcecode.swift; path = HomeViewRepository.swift; sourceTree = "<group>"; };
		3D9C346D29F0C82600FBCFAB /* HomeEntities.swift */ = {isa = PBXFileReference; lastKnownFileType = sourcecode.swift; path = HomeEntities.swift; sourceTree = "<group>"; };
		3D9C346F29F0D9AD00FBCFAB /* PokemonDetailRepository.swift */ = {isa = PBXFileReference; lastKnownFileType = sourcecode.swift; path = PokemonDetailRepository.swift; sourceTree = "<group>"; };
		3D9C347129F0DA8D00FBCFAB /* FetchPokemonUseCase.swift */ = {isa = PBXFileReference; lastKnownFileType = sourcecode.swift; path = FetchPokemonUseCase.swift; sourceTree = "<group>"; };
		3D9C347329F0E70D00FBCFAB /* PokemonDescriptionView.swift */ = {isa = PBXFileReference; lastKnownFileType = sourcecode.swift; path = PokemonDescriptionView.swift; sourceTree = "<group>"; };
		3DA9319629F1B27900F4D5BD /* HomeEntitiesDatabase.swift */ = {isa = PBXFileReference; lastKnownFileType = sourcecode.swift; path = HomeEntitiesDatabase.swift; sourceTree = "<group>"; };
		3DA9319929F1B36500F4D5BD /* DatabaseManager.swift */ = {isa = PBXFileReference; lastKnownFileType = sourcecode.swift; path = DatabaseManager.swift; sourceTree = "<group>"; };
		3DA9319B29F1D5EF00F4D5BD /* WriteToDatabaseUseCase.swift */ = {isa = PBXFileReference; lastKnownFileType = sourcecode.swift; path = WriteToDatabaseUseCase.swift; sourceTree = "<group>"; };
		3DCE8E2729EF844A0018588F /* PokemonListItemView.swift */ = {isa = PBXFileReference; lastKnownFileType = sourcecode.swift; path = PokemonListItemView.swift; sourceTree = "<group>"; };
		3DCE8E2F29EF94F60018588F /* APIService.swift */ = {isa = PBXFileReference; fileEncoding = 4; lastKnownFileType = sourcecode.swift; path = APIService.swift; sourceTree = "<group>"; };
		3DCE8E3029EF94F60018588F /* Endpoint.swift */ = {isa = PBXFileReference; fileEncoding = 4; lastKnownFileType = sourcecode.swift; path = Endpoint.swift; sourceTree = "<group>"; };
		3DCE8E3729EFB34F0018588F /* HomeViewModel.swift */ = {isa = PBXFileReference; lastKnownFileType = sourcecode.swift; path = HomeViewModel.swift; sourceTree = "<group>"; };
		3DF64D0429F2300400723C71 /* NetworkMonitor.swift */ = {isa = PBXFileReference; lastKnownFileType = sourcecode.swift; path = NetworkMonitor.swift; sourceTree = "<group>"; };
		78BE608F29EB445500841486 /* assessment-ios.app */ = {isa = PBXFileReference; explicitFileType = wrapper.application; includeInIndex = 0; path = "assessment-ios.app"; sourceTree = BUILT_PRODUCTS_DIR; };
		78BE609229EB445500841486 /* assessment_iosApp.swift */ = {isa = PBXFileReference; lastKnownFileType = sourcecode.swift; path = assessment_iosApp.swift; sourceTree = "<group>"; };
		78BE609429EB445500841486 /* HomeView.swift */ = {isa = PBXFileReference; lastKnownFileType = sourcecode.swift; path = HomeView.swift; sourceTree = "<group>"; };
		78BE609629EB445700841486 /* Assets.xcassets */ = {isa = PBXFileReference; lastKnownFileType = folder.assetcatalog; path = Assets.xcassets; sourceTree = "<group>"; };
		78BE609929EB445700841486 /* Preview Assets.xcassets */ = {isa = PBXFileReference; lastKnownFileType = folder.assetcatalog; path = "Preview Assets.xcassets"; sourceTree = "<group>"; };
		78BE609B29EB445700841486 /* Persistence.swift */ = {isa = PBXFileReference; lastKnownFileType = sourcecode.swift; path = Persistence.swift; sourceTree = "<group>"; };
		78BE609E29EB445700841486 /* assessment_ios.xcdatamodel */ = {isa = PBXFileReference; lastKnownFileType = wrapper.xcdatamodel; path = assessment_ios.xcdatamodel; sourceTree = "<group>"; };
		78BE60A429EB445700841486 /* assessment-iosTests.xctest */ = {isa = PBXFileReference; explicitFileType = wrapper.cfbundle; includeInIndex = 0; path = "assessment-iosTests.xctest"; sourceTree = BUILT_PRODUCTS_DIR; };
		78BE60A829EB445700841486 /* assessment_iosTests.swift */ = {isa = PBXFileReference; lastKnownFileType = sourcecode.swift; path = assessment_iosTests.swift; sourceTree = "<group>"; };
		78BE60AE29EB445700841486 /* assessment-iosUITests.xctest */ = {isa = PBXFileReference; explicitFileType = wrapper.cfbundle; includeInIndex = 0; path = "assessment-iosUITests.xctest"; sourceTree = BUILT_PRODUCTS_DIR; };
		78BE60B229EB445700841486 /* assessment_iosUITests.swift */ = {isa = PBXFileReference; lastKnownFileType = sourcecode.swift; path = assessment_iosUITests.swift; sourceTree = "<group>"; };
		78BE60B429EB445700841486 /* assessment_iosUITestsLaunchTests.swift */ = {isa = PBXFileReference; lastKnownFileType = sourcecode.swift; path = assessment_iosUITestsLaunchTests.swift; sourceTree = "<group>"; };
		78BE60C929EB4A6000841486 /* Util.swift */ = {isa = PBXFileReference; lastKnownFileType = sourcecode.swift; path = Util.swift; sourceTree = "<group>"; };
		78BE60CD29EB5D8D00841486 /* README.md */ = {isa = PBXFileReference; fileEncoding = 4; lastKnownFileType = net.daringfireball.markdown; path = README.md; sourceTree = "<group>"; };
/* End PBXFileReference section */

/* Begin PBXFrameworksBuildPhase section */
		78BE608C29EB445500841486 /* Frameworks */ = {
			isa = PBXFrameworksBuildPhase;
			buildActionMask = 2147483647;
			files = (
				3DA931A129F1E56E00F4D5BD /* RealmSwift in Frameworks */,
				3DA9319F29F1E56E00F4D5BD /* Realm in Frameworks */,
				3DA9319529F1B21A00F4D5BD /* SDWebImageSwiftUI in Frameworks */,
			);
			runOnlyForDeploymentPostprocessing = 0;
		};
		78BE60A129EB445700841486 /* Frameworks */ = {
			isa = PBXFrameworksBuildPhase;
			buildActionMask = 2147483647;
			files = (
			);
			runOnlyForDeploymentPostprocessing = 0;
		};
		78BE60AB29EB445700841486 /* Frameworks */ = {
			isa = PBXFrameworksBuildPhase;
			buildActionMask = 2147483647;
			files = (
			);
			runOnlyForDeploymentPostprocessing = 0;
		};
/* End PBXFrameworksBuildPhase section */

/* Begin PBXGroup section */
		3D9C345B29F0616500FBCFAB /* Detail */ = {
			isa = PBXGroup;
			children = (
				3D9C345C29F0617400FBCFAB /* Data */,
				3D9C345E29F0618200FBCFAB /* Domain */,
				3D9C345D29F0617A00FBCFAB /* Presentation */,
			);
			path = Detail;
			sourceTree = "<group>";
		};
		3D9C345C29F0617400FBCFAB /* Data */ = {
			isa = PBXGroup;
			children = (
				3D9C346F29F0D9AD00FBCFAB /* PokemonDetailRepository.swift */,
			);
			path = Data;
			sourceTree = "<group>";
		};
		3D9C345D29F0617A00FBCFAB /* Presentation */ = {
			isa = PBXGroup;
			children = (
				3D9C346029F061A700FBCFAB /* ViewModel */,
				3D9C345F29F061A200FBCFAB /* View */,
			);
			path = Presentation;
			sourceTree = "<group>";
		};
		3D9C345E29F0618200FBCFAB /* Domain */ = {
			isa = PBXGroup;
			children = (
				3D9C346929F0C1B500FBCFAB /* PokemonDetailEntities.swift */,
				3D9C347129F0DA8D00FBCFAB /* FetchPokemonUseCase.swift */,
			);
			path = Domain;
			sourceTree = "<group>";
		};
		3D9C345F29F061A200FBCFAB /* View */ = {
			isa = PBXGroup;
			children = (
				3D9C346129F061FA00FBCFAB /* PokemonDetailView.swift */,
				3D9C347329F0E70D00FBCFAB /* PokemonDescriptionView.swift */,
			);
			path = View;
			sourceTree = "<group>";
		};
		3D9C346029F061A700FBCFAB /* ViewModel */ = {
			isa = PBXGroup;
			children = (
				3D9C346729F0BA2500FBCFAB /* PokemonDetailViewModel.swift */,
			);
			path = ViewModel;
			sourceTree = "<group>";
		};
		3DA9319829F1B34900F4D5BD /* Database */ = {
			isa = PBXGroup;
			children = (
				3DA9319929F1B36500F4D5BD /* DatabaseManager.swift */,
			);
			path = Database;
			sourceTree = "<group>";
		};
		3DCE8E2229EF7FDB0018588F /* View */ = {
			isa = PBXGroup;
			children = (
				78BE609429EB445500841486 /* HomeView.swift */,
				3DCE8E2729EF844A0018588F /* PokemonListItemView.swift */,
			);
			path = View;
			sourceTree = "<group>";
		};
		3DCE8E2329EF7FF50018588F /* ViewModel */ = {
			isa = PBXGroup;
			children = (
				3DCE8E3729EFB34F0018588F /* HomeViewModel.swift */,
			);
			path = ViewModel;
			sourceTree = "<group>";
		};
		3DCE8E2429EF807C0018588F /* Presentation */ = {
			isa = PBXGroup;
			children = (
				3DCE8E2329EF7FF50018588F /* ViewModel */,
				3DCE8E2229EF7FDB0018588F /* View */,
			);
			path = Presentation;
			sourceTree = "<group>";
		};
		3DCE8E2529EF80860018588F /* Domain */ = {
			isa = PBXGroup;
			children = (
				3DA9319B29F1D5EF00F4D5BD /* WriteToDatabaseUseCase.swift */,
				3D9C346529F0B37200FBCFAB /* FetchPokemonListUseCase.swift */,
				3D9C346D29F0C82600FBCFAB /* HomeEntities.swift */,
				3DA9319629F1B27900F4D5BD /* HomeEntitiesDatabase.swift */,
			);
			path = Domain;
			sourceTree = "<group>";
		};
		3DCE8E2629EF808E0018588F /* Data */ = {
			isa = PBXGroup;
			children = (
				3D9C346B29F0C30400FBCFAB /* HomeViewRepository.swift */,
			);
			path = Data;
			sourceTree = "<group>";
		};
		3DCE8E2C29EF94F60018588F /* Networking */ = {
			isa = PBXGroup;
			children = (
				3DCE8E2F29EF94F60018588F /* APIService.swift */,
				3DCE8E3029EF94F60018588F /* Endpoint.swift */,
			);
			path = Networking;
			sourceTree = "<group>";
		};
		78BE608629EB445500841486 = {
			isa = PBXGroup;
			children = (
				78BE60CD29EB5D8D00841486 /* README.md */,
				78BE609129EB445500841486 /* assessment-ios */,
				78BE60C129EB452B00841486 /* tests */,
				78BE609029EB445500841486 /* Products */,
			);
			sourceTree = "<group>";
		};
		78BE609029EB445500841486 /* Products */ = {
			isa = PBXGroup;
			children = (
				78BE608F29EB445500841486 /* assessment-ios.app */,
				78BE60A429EB445700841486 /* assessment-iosTests.xctest */,
				78BE60AE29EB445700841486 /* assessment-iosUITests.xctest */,
			);
			name = Products;
			sourceTree = "<group>";
		};
		78BE609129EB445500841486 /* assessment-ios */ = {
			isa = PBXGroup;
			children = (
				78BE609229EB445500841486 /* assessment_iosApp.swift */,
				78BE609B29EB445700841486 /* Persistence.swift */,
				78BE609629EB445700841486 /* Assets.xcassets */,
				78BE609D29EB445700841486 /* assessment_ios.xcdatamodeld */,
				3DA9319829F1B34900F4D5BD /* Database */,
				3DCE8E2C29EF94F60018588F /* Networking */,
				78BE60C329EB479100841486 /* Home */,
				3D9C345B29F0616500FBCFAB /* Detail */,
				78BE60C629EB483700841486 /* Util */,
				78BE609829EB445700841486 /* Preview Content */,
			);
			path = "assessment-ios";
			sourceTree = "<group>";
		};
		78BE609829EB445700841486 /* Preview Content */ = {
			isa = PBXGroup;
			children = (
				78BE609929EB445700841486 /* Preview Assets.xcassets */,
			);
			path = "Preview Content";
			sourceTree = "<group>";
		};
		78BE60A729EB445700841486 /* assessment-iosTests */ = {
			isa = PBXGroup;
			children = (
				78BE60A829EB445700841486 /* assessment_iosTests.swift */,
			);
			path = "assessment-iosTests";
			sourceTree = "<group>";
		};
		78BE60B129EB445700841486 /* assessment-iosUITests */ = {
			isa = PBXGroup;
			children = (
				78BE60B229EB445700841486 /* assessment_iosUITests.swift */,
				78BE60B429EB445700841486 /* assessment_iosUITestsLaunchTests.swift */,
			);
			path = "assessment-iosUITests";
			sourceTree = "<group>";
		};
		78BE60C129EB452B00841486 /* tests */ = {
			isa = PBXGroup;
			children = (
				78BE60A729EB445700841486 /* assessment-iosTests */,
				78BE60B129EB445700841486 /* assessment-iosUITests */,
			);
			path = tests;
			sourceTree = "<group>";
		};
		78BE60C329EB479100841486 /* Home */ = {
			isa = PBXGroup;
			children = (
				3DCE8E2629EF808E0018588F /* Data */,
				3DCE8E2529EF80860018588F /* Domain */,
				3DCE8E2429EF807C0018588F /* Presentation */,
			);
			path = Home;
			sourceTree = "<group>";
		};
		78BE60C629EB483700841486 /* Util */ = {
			isa = PBXGroup;
			children = (
				78BE60C929EB4A6000841486 /* Util.swift */,
				3D9C346329F0ADBF00FBCFAB /* NavigationController+Extensions.swift */,
				3DF64D0429F2300400723C71 /* NetworkMonitor.swift */,
			);
			path = Util;
			sourceTree = "<group>";
		};
/* End PBXGroup section */

/* Begin PBXNativeTarget section */
		78BE608E29EB445500841486 /* assessment-ios */ = {
			isa = PBXNativeTarget;
			buildConfigurationList = 78BE60B829EB445700841486 /* Build configuration list for PBXNativeTarget "assessment-ios" */;
			buildPhases = (
				78BE608B29EB445500841486 /* Sources */,
				78BE608C29EB445500841486 /* Frameworks */,
				78BE608D29EB445500841486 /* Resources */,
			);
			buildRules = (
			);
			dependencies = (
			);
			name = "assessment-ios";
			packageProductDependencies = (
				3DA9319429F1B21A00F4D5BD /* SDWebImageSwiftUI */,
				3DA9319E29F1E56E00F4D5BD /* Realm */,
				3DA931A029F1E56E00F4D5BD /* RealmSwift */,
			);
			productName = "assessment-ios";
			productReference = 78BE608F29EB445500841486 /* assessment-ios.app */;
			productType = "com.apple.product-type.application";
		};
		78BE60A329EB445700841486 /* assessment-iosTests */ = {
			isa = PBXNativeTarget;
			buildConfigurationList = 78BE60BB29EB445700841486 /* Build configuration list for PBXNativeTarget "assessment-iosTests" */;
			buildPhases = (
				78BE60A029EB445700841486 /* Sources */,
				78BE60A129EB445700841486 /* Frameworks */,
				78BE60A229EB445700841486 /* Resources */,
			);
			buildRules = (
			);
			dependencies = (
				78BE60A629EB445700841486 /* PBXTargetDependency */,
			);
			name = "assessment-iosTests";
			productName = "assessment-iosTests";
			productReference = 78BE60A429EB445700841486 /* assessment-iosTests.xctest */;
			productType = "com.apple.product-type.bundle.unit-test";
		};
		78BE60AD29EB445700841486 /* assessment-iosUITests */ = {
			isa = PBXNativeTarget;
			buildConfigurationList = 78BE60BE29EB445700841486 /* Build configuration list for PBXNativeTarget "assessment-iosUITests" */;
			buildPhases = (
				78BE60AA29EB445700841486 /* Sources */,
				78BE60AB29EB445700841486 /* Frameworks */,
				78BE60AC29EB445700841486 /* Resources */,
			);
			buildRules = (
			);
			dependencies = (
				78BE60B029EB445700841486 /* PBXTargetDependency */,
			);
			name = "assessment-iosUITests";
			productName = "assessment-iosUITests";
			productReference = 78BE60AE29EB445700841486 /* assessment-iosUITests.xctest */;
			productType = "com.apple.product-type.bundle.ui-testing";
		};
/* End PBXNativeTarget section */

/* Begin PBXProject section */
		78BE608729EB445500841486 /* Project object */ = {
			isa = PBXProject;
			attributes = {
				BuildIndependentTargetsInParallel = 1;
				LastSwiftUpdateCheck = 1430;
				LastUpgradeCheck = 1430;
				TargetAttributes = {
					78BE608E29EB445500841486 = {
						CreatedOnToolsVersion = 14.3;
					};
					78BE60A329EB445700841486 = {
						CreatedOnToolsVersion = 14.3;
						TestTargetID = 78BE608E29EB445500841486;
					};
					78BE60AD29EB445700841486 = {
						CreatedOnToolsVersion = 14.3;
						TestTargetID = 78BE608E29EB445500841486;
					};
				};
			};
			buildConfigurationList = 78BE608A29EB445500841486 /* Build configuration list for PBXProject "assessment-ios" */;
			compatibilityVersion = "Xcode 14.0";
			developmentRegion = en;
			hasScannedForEncodings = 0;
			knownRegions = (
				en,
				Base,
			);
			mainGroup = 78BE608629EB445500841486;
			packageReferences = (
				3DA9319329F1B21A00F4D5BD /* XCRemoteSwiftPackageReference "SDWebImageSwiftUI" */,
				3DA9319D29F1E56E00F4D5BD /* XCRemoteSwiftPackageReference "realm-cocoa" */,
			);
			productRefGroup = 78BE609029EB445500841486 /* Products */;
			projectDirPath = "";
			projectRoot = "";
			targets = (
				78BE608E29EB445500841486 /* assessment-ios */,
				78BE60A329EB445700841486 /* assessment-iosTests */,
				78BE60AD29EB445700841486 /* assessment-iosUITests */,
			);
		};
/* End PBXProject section */

/* Begin PBXResourcesBuildPhase section */
		78BE608D29EB445500841486 /* Resources */ = {
			isa = PBXResourcesBuildPhase;
			buildActionMask = 2147483647;
			files = (
				78BE60CE29EB5D8D00841486 /* README.md in Resources */,
				78BE609A29EB445700841486 /* Preview Assets.xcassets in Resources */,
				78BE609729EB445700841486 /* Assets.xcassets in Resources */,
			);
			runOnlyForDeploymentPostprocessing = 0;
		};
		78BE60A229EB445700841486 /* Resources */ = {
			isa = PBXResourcesBuildPhase;
			buildActionMask = 2147483647;
			files = (
			);
			runOnlyForDeploymentPostprocessing = 0;
		};
		78BE60AC29EB445700841486 /* Resources */ = {
			isa = PBXResourcesBuildPhase;
			buildActionMask = 2147483647;
			files = (
			);
			runOnlyForDeploymentPostprocessing = 0;
		};
/* End PBXResourcesBuildPhase section */

/* Begin PBXSourcesBuildPhase section */
		78BE608B29EB445500841486 /* Sources */ = {
			isa = PBXSourcesBuildPhase;
			buildActionMask = 2147483647;
			files = (
				3D9C347029F0D9AD00FBCFAB /* PokemonDetailRepository.swift in Sources */,
				3D9C346629F0B37200FBCFAB /* FetchPokemonListUseCase.swift in Sources */,
				3DA9319729F1B27900F4D5BD /* HomeEntitiesDatabase.swift in Sources */,
				3D9C347429F0E70D00FBCFAB /* PokemonDescriptionView.swift in Sources */,
				78BE609C29EB445700841486 /* Persistence.swift in Sources */,
				3D9C346229F061FA00FBCFAB /* PokemonDetailView.swift in Sources */,
				3DCE8E3829EFB34F0018588F /* HomeViewModel.swift in Sources */,
				3D9C346429F0ADBF00FBCFAB /* NavigationController+Extensions.swift in Sources */,
				78BE609529EB445500841486 /* HomeView.swift in Sources */,
				78BE60CA29EB4A6000841486 /* Util.swift in Sources */,
				3DCE8E3429EF94F60018588F /* Endpoint.swift in Sources */,
				3DCE8E2829EF844A0018588F /* PokemonListItemView.swift in Sources */,
				3DA9319A29F1B36500F4D5BD /* DatabaseManager.swift in Sources */,
				3D9C346A29F0C1B500FBCFAB /* PokemonDetailEntities.swift in Sources */,
				78BE609329EB445500841486 /* assessment_iosApp.swift in Sources */,
				3D9C346E29F0C82600FBCFAB /* HomeEntities.swift in Sources */,
				3D9C346829F0BA2500FBCFAB /* PokemonDetailViewModel.swift in Sources */,
				3DCE8E3329EF94F60018588F /* APIService.swift in Sources */,
				3DA9319C29F1D5EF00F4D5BD /* WriteToDatabaseUseCase.swift in Sources */,
				3D9C346C29F0C30400FBCFAB /* HomeViewRepository.swift in Sources */,
				3D9C347229F0DA8D00FBCFAB /* FetchPokemonUseCase.swift in Sources */,
				78BE609F29EB445700841486 /* assessment_ios.xcdatamodeld in Sources */,
				3DF64D0529F2300400723C71 /* NetworkMonitor.swift in Sources */,
			);
			runOnlyForDeploymentPostprocessing = 0;
		};
		78BE60A029EB445700841486 /* Sources */ = {
			isa = PBXSourcesBuildPhase;
			buildActionMask = 2147483647;
			files = (
				78BE60A929EB445700841486 /* assessment_iosTests.swift in Sources */,
			);
			runOnlyForDeploymentPostprocessing = 0;
		};
		78BE60AA29EB445700841486 /* Sources */ = {
			isa = PBXSourcesBuildPhase;
			buildActionMask = 2147483647;
			files = (
				78BE60B529EB445700841486 /* assessment_iosUITestsLaunchTests.swift in Sources */,
				78BE60B329EB445700841486 /* assessment_iosUITests.swift in Sources */,
			);
			runOnlyForDeploymentPostprocessing = 0;
		};
/* End PBXSourcesBuildPhase section */

/* Begin PBXTargetDependency section */
		78BE60A629EB445700841486 /* PBXTargetDependency */ = {
			isa = PBXTargetDependency;
			target = 78BE608E29EB445500841486 /* assessment-ios */;
			targetProxy = 78BE60A529EB445700841486 /* PBXContainerItemProxy */;
		};
		78BE60B029EB445700841486 /* PBXTargetDependency */ = {
			isa = PBXTargetDependency;
			target = 78BE608E29EB445500841486 /* assessment-ios */;
			targetProxy = 78BE60AF29EB445700841486 /* PBXContainerItemProxy */;
		};
/* End PBXTargetDependency section */

/* Begin XCBuildConfiguration section */
		78BE60B629EB445700841486 /* Debug */ = {
			isa = XCBuildConfiguration;
			buildSettings = {
				ALWAYS_SEARCH_USER_PATHS = NO;
				CLANG_ANALYZER_NONNULL = YES;
				CLANG_ANALYZER_NUMBER_OBJECT_CONVERSION = YES_AGGRESSIVE;
				CLANG_CXX_LANGUAGE_STANDARD = "gnu++20";
				CLANG_ENABLE_MODULES = YES;
				CLANG_ENABLE_OBJC_ARC = YES;
				CLANG_ENABLE_OBJC_WEAK = YES;
				CLANG_WARN_BLOCK_CAPTURE_AUTORELEASING = YES;
				CLANG_WARN_BOOL_CONVERSION = YES;
				CLANG_WARN_COMMA = YES;
				CLANG_WARN_CONSTANT_CONVERSION = YES;
				CLANG_WARN_DEPRECATED_OBJC_IMPLEMENTATIONS = YES;
				CLANG_WARN_DIRECT_OBJC_ISA_USAGE = YES_ERROR;
				CLANG_WARN_DOCUMENTATION_COMMENTS = YES;
				CLANG_WARN_EMPTY_BODY = YES;
				CLANG_WARN_ENUM_CONVERSION = YES;
				CLANG_WARN_INFINITE_RECURSION = YES;
				CLANG_WARN_INT_CONVERSION = YES;
				CLANG_WARN_NON_LITERAL_NULL_CONVERSION = YES;
				CLANG_WARN_OBJC_IMPLICIT_RETAIN_SELF = YES;
				CLANG_WARN_OBJC_LITERAL_CONVERSION = YES;
				CLANG_WARN_OBJC_ROOT_CLASS = YES_ERROR;
				CLANG_WARN_QUOTED_INCLUDE_IN_FRAMEWORK_HEADER = YES;
				CLANG_WARN_RANGE_LOOP_ANALYSIS = YES;
				CLANG_WARN_STRICT_PROTOTYPES = YES;
				CLANG_WARN_SUSPICIOUS_MOVE = YES;
				CLANG_WARN_UNGUARDED_AVAILABILITY = YES_AGGRESSIVE;
				CLANG_WARN_UNREACHABLE_CODE = YES;
				CLANG_WARN__DUPLICATE_METHOD_MATCH = YES;
				COPY_PHASE_STRIP = NO;
				DEBUG_INFORMATION_FORMAT = dwarf;
				ENABLE_STRICT_OBJC_MSGSEND = YES;
				ENABLE_TESTABILITY = YES;
				GCC_C_LANGUAGE_STANDARD = gnu11;
				GCC_DYNAMIC_NO_PIC = NO;
				GCC_NO_COMMON_BLOCKS = YES;
				GCC_OPTIMIZATION_LEVEL = 0;
				GCC_PREPROCESSOR_DEFINITIONS = (
					"DEBUG=1",
					"$(inherited)",
				);
				GCC_WARN_64_TO_32_BIT_CONVERSION = YES;
				GCC_WARN_ABOUT_RETURN_TYPE = YES_ERROR;
				GCC_WARN_UNDECLARED_SELECTOR = YES;
				GCC_WARN_UNINITIALIZED_AUTOS = YES_AGGRESSIVE;
				GCC_WARN_UNUSED_FUNCTION = YES;
				GCC_WARN_UNUSED_VARIABLE = YES;
				IPHONEOS_DEPLOYMENT_TARGET = 15.0;
				MTL_ENABLE_DEBUG_INFO = INCLUDE_SOURCE;
				MTL_FAST_MATH = YES;
				ONLY_ACTIVE_ARCH = YES;
				SDKROOT = iphoneos;
				SWIFT_ACTIVE_COMPILATION_CONDITIONS = DEBUG;
				SWIFT_OPTIMIZATION_LEVEL = "-Onone";
			};
			name = Debug;
		};
		78BE60B729EB445700841486 /* Release */ = {
			isa = XCBuildConfiguration;
			buildSettings = {
				ALWAYS_SEARCH_USER_PATHS = NO;
				CLANG_ANALYZER_NONNULL = YES;
				CLANG_ANALYZER_NUMBER_OBJECT_CONVERSION = YES_AGGRESSIVE;
				CLANG_CXX_LANGUAGE_STANDARD = "gnu++20";
				CLANG_ENABLE_MODULES = YES;
				CLANG_ENABLE_OBJC_ARC = YES;
				CLANG_ENABLE_OBJC_WEAK = YES;
				CLANG_WARN_BLOCK_CAPTURE_AUTORELEASING = YES;
				CLANG_WARN_BOOL_CONVERSION = YES;
				CLANG_WARN_COMMA = YES;
				CLANG_WARN_CONSTANT_CONVERSION = YES;
				CLANG_WARN_DEPRECATED_OBJC_IMPLEMENTATIONS = YES;
				CLANG_WARN_DIRECT_OBJC_ISA_USAGE = YES_ERROR;
				CLANG_WARN_DOCUMENTATION_COMMENTS = YES;
				CLANG_WARN_EMPTY_BODY = YES;
				CLANG_WARN_ENUM_CONVERSION = YES;
				CLANG_WARN_INFINITE_RECURSION = YES;
				CLANG_WARN_INT_CONVERSION = YES;
				CLANG_WARN_NON_LITERAL_NULL_CONVERSION = YES;
				CLANG_WARN_OBJC_IMPLICIT_RETAIN_SELF = YES;
				CLANG_WARN_OBJC_LITERAL_CONVERSION = YES;
				CLANG_WARN_OBJC_ROOT_CLASS = YES_ERROR;
				CLANG_WARN_QUOTED_INCLUDE_IN_FRAMEWORK_HEADER = YES;
				CLANG_WARN_RANGE_LOOP_ANALYSIS = YES;
				CLANG_WARN_STRICT_PROTOTYPES = YES;
				CLANG_WARN_SUSPICIOUS_MOVE = YES;
				CLANG_WARN_UNGUARDED_AVAILABILITY = YES_AGGRESSIVE;
				CLANG_WARN_UNREACHABLE_CODE = YES;
				CLANG_WARN__DUPLICATE_METHOD_MATCH = YES;
				COPY_PHASE_STRIP = NO;
				DEBUG_INFORMATION_FORMAT = "dwarf-with-dsym";
				ENABLE_NS_ASSERTIONS = NO;
				ENABLE_STRICT_OBJC_MSGSEND = YES;
				GCC_C_LANGUAGE_STANDARD = gnu11;
				GCC_NO_COMMON_BLOCKS = YES;
				GCC_WARN_64_TO_32_BIT_CONVERSION = YES;
				GCC_WARN_ABOUT_RETURN_TYPE = YES_ERROR;
				GCC_WARN_UNDECLARED_SELECTOR = YES;
				GCC_WARN_UNINITIALIZED_AUTOS = YES_AGGRESSIVE;
				GCC_WARN_UNUSED_FUNCTION = YES;
				GCC_WARN_UNUSED_VARIABLE = YES;
				IPHONEOS_DEPLOYMENT_TARGET = 15.0;
				MTL_ENABLE_DEBUG_INFO = NO;
				MTL_FAST_MATH = YES;
				SDKROOT = iphoneos;
				SWIFT_COMPILATION_MODE = wholemodule;
				SWIFT_OPTIMIZATION_LEVEL = "-O";
				VALIDATE_PRODUCT = YES;
			};
			name = Release;
		};
		78BE60B929EB445700841486 /* Debug */ = {
			isa = XCBuildConfiguration;
			buildSettings = {
				ASSETCATALOG_COMPILER_APPICON_NAME = AppIcon;
				ASSETCATALOG_COMPILER_GLOBAL_ACCENT_COLOR_NAME = AccentColor;
				CODE_SIGN_STYLE = Automatic;
				CURRENT_PROJECT_VERSION = 1;
				DEVELOPMENT_ASSET_PATHS = "\"assessment-ios/Preview Content\"";
				DEVELOPMENT_TEAM = G34SGRG79L;
				ENABLE_PREVIEWS = YES;
				GENERATE_INFOPLIST_FILE = YES;
				INFOPLIST_KEY_CFBundleDisplayName = "Assessment iOS";
				INFOPLIST_KEY_UIApplicationSceneManifest_Generation = YES;
				INFOPLIST_KEY_UIApplicationSupportsIndirectInputEvents = YES;
				INFOPLIST_KEY_UILaunchScreen_Generation = YES;
				INFOPLIST_KEY_UISupportedInterfaceOrientations = UIInterfaceOrientationPortrait;
				INFOPLIST_KEY_UISupportedInterfaceOrientations_iPad = "UIInterfaceOrientationLandscapeLeft UIInterfaceOrientationLandscapeRight UIInterfaceOrientationPortrait UIInterfaceOrientationPortraitUpsideDown";
				LD_RUNPATH_SEARCH_PATHS = (
					"$(inherited)",
					"@executable_path/Frameworks",
				);
				MARKETING_VERSION = 1.0;
				PRODUCT_BUNDLE_IDENTIFIER = "robertogutierrez.assessment-ios";
				PRODUCT_NAME = "$(TARGET_NAME)";
				SWIFT_EMIT_LOC_STRINGS = YES;
				SWIFT_VERSION = 5.0;
				TARGETED_DEVICE_FAMILY = "1,2";
			};
			name = Debug;
		};
		78BE60BA29EB445700841486 /* Release */ = {
			isa = XCBuildConfiguration;
			buildSettings = {
				ASSETCATALOG_COMPILER_APPICON_NAME = AppIcon;
				ASSETCATALOG_COMPILER_GLOBAL_ACCENT_COLOR_NAME = AccentColor;
				CODE_SIGN_STYLE = Automatic;
				CURRENT_PROJECT_VERSION = 1;
				DEVELOPMENT_ASSET_PATHS = "\"assessment-ios/Preview Content\"";
				DEVELOPMENT_TEAM = G34SGRG79L;
				ENABLE_PREVIEWS = YES;
				GENERATE_INFOPLIST_FILE = YES;
				INFOPLIST_KEY_CFBundleDisplayName = "Assessment iOS";
				INFOPLIST_KEY_UIApplicationSceneManifest_Generation = YES;
				INFOPLIST_KEY_UIApplicationSupportsIndirectInputEvents = YES;
				INFOPLIST_KEY_UILaunchScreen_Generation = YES;
				INFOPLIST_KEY_UISupportedInterfaceOrientations = UIInterfaceOrientationPortrait;
				INFOPLIST_KEY_UISupportedInterfaceOrientations_iPad = "UIInterfaceOrientationLandscapeLeft UIInterfaceOrientationLandscapeRight UIInterfaceOrientationPortrait UIInterfaceOrientationPortraitUpsideDown";
				LD_RUNPATH_SEARCH_PATHS = (
					"$(inherited)",
					"@executable_path/Frameworks",
				);
				MARKETING_VERSION = 1.0;
				PRODUCT_BUNDLE_IDENTIFIER = "robertogutierrez.assessment-ios";
				PRODUCT_NAME = "$(TARGET_NAME)";
				SWIFT_EMIT_LOC_STRINGS = YES;
				SWIFT_VERSION = 5.0;
				TARGETED_DEVICE_FAMILY = "1,2";
			};
			name = Release;
		};
		78BE60BC29EB445700841486 /* Debug */ = {
			isa = XCBuildConfiguration;
			buildSettings = {
				ALWAYS_EMBED_SWIFT_STANDARD_LIBRARIES = YES;
				BUNDLE_LOADER = "$(TEST_HOST)";
				CODE_SIGN_STYLE = Automatic;
				CURRENT_PROJECT_VERSION = 1;
				DEVELOPMENT_TEAM = ED4X4ATM8P;
				GENERATE_INFOPLIST_FILE = YES;
				IPHONEOS_DEPLOYMENT_TARGET = 16.4;
				MARKETING_VERSION = 1.0;
				PRODUCT_BUNDLE_IDENTIFIER = "ivantrejo.htsmexico.assessment-iosTests";
				PRODUCT_NAME = "$(TARGET_NAME)";
				SWIFT_EMIT_LOC_STRINGS = NO;
				SWIFT_VERSION = 5.0;
				TARGETED_DEVICE_FAMILY = "1,2";
				TEST_HOST = "$(BUILT_PRODUCTS_DIR)/assessment-ios.app/$(BUNDLE_EXECUTABLE_FOLDER_PATH)/assessment-ios";
			};
			name = Debug;
		};
		78BE60BD29EB445700841486 /* Release */ = {
			isa = XCBuildConfiguration;
			buildSettings = {
				ALWAYS_EMBED_SWIFT_STANDARD_LIBRARIES = YES;
				BUNDLE_LOADER = "$(TEST_HOST)";
				CODE_SIGN_STYLE = Automatic;
				CURRENT_PROJECT_VERSION = 1;
				DEVELOPMENT_TEAM = ED4X4ATM8P;
				GENERATE_INFOPLIST_FILE = YES;
				IPHONEOS_DEPLOYMENT_TARGET = 16.4;
				MARKETING_VERSION = 1.0;
				PRODUCT_BUNDLE_IDENTIFIER = "ivantrejo.htsmexico.assessment-iosTests";
				PRODUCT_NAME = "$(TARGET_NAME)";
				SWIFT_EMIT_LOC_STRINGS = NO;
				SWIFT_VERSION = 5.0;
				TARGETED_DEVICE_FAMILY = "1,2";
				TEST_HOST = "$(BUILT_PRODUCTS_DIR)/assessment-ios.app/$(BUNDLE_EXECUTABLE_FOLDER_PATH)/assessment-ios";
			};
			name = Release;
		};
		78BE60BF29EB445700841486 /* Debug */ = {
			isa = XCBuildConfiguration;
			buildSettings = {
				ALWAYS_EMBED_SWIFT_STANDARD_LIBRARIES = YES;
				CODE_SIGN_STYLE = Automatic;
				CURRENT_PROJECT_VERSION = 1;
				DEVELOPMENT_TEAM = ED4X4ATM8P;
				GENERATE_INFOPLIST_FILE = YES;
				MARKETING_VERSION = 1.0;
				PRODUCT_BUNDLE_IDENTIFIER = "ivantrejo.htsmexico.assessment-iosUITests";
				PRODUCT_NAME = "$(TARGET_NAME)";
				SWIFT_EMIT_LOC_STRINGS = NO;
				SWIFT_VERSION = 5.0;
				TARGETED_DEVICE_FAMILY = "1,2";
				TEST_TARGET_NAME = "assessment-ios";
			};
			name = Debug;
		};
		78BE60C029EB445700841486 /* Release */ = {
			isa = XCBuildConfiguration;
			buildSettings = {
				ALWAYS_EMBED_SWIFT_STANDARD_LIBRARIES = YES;
				CODE_SIGN_STYLE = Automatic;
				CURRENT_PROJECT_VERSION = 1;
				DEVELOPMENT_TEAM = ED4X4ATM8P;
				GENERATE_INFOPLIST_FILE = YES;
				MARKETING_VERSION = 1.0;
				PRODUCT_BUNDLE_IDENTIFIER = "ivantrejo.htsmexico.assessment-iosUITests";
				PRODUCT_NAME = "$(TARGET_NAME)";
				SWIFT_EMIT_LOC_STRINGS = NO;
				SWIFT_VERSION = 5.0;
				TARGETED_DEVICE_FAMILY = "1,2";
				TEST_TARGET_NAME = "assessment-ios";
			};
			name = Release;
		};
/* End XCBuildConfiguration section */

/* Begin XCConfigurationList section */
		78BE608A29EB445500841486 /* Build configuration list for PBXProject "assessment-ios" */ = {
			isa = XCConfigurationList;
			buildConfigurations = (
				78BE60B629EB445700841486 /* Debug */,
				78BE60B729EB445700841486 /* Release */,
			);
			defaultConfigurationIsVisible = 0;
			defaultConfigurationName = Release;
		};
		78BE60B829EB445700841486 /* Build configuration list for PBXNativeTarget "assessment-ios" */ = {
			isa = XCConfigurationList;
			buildConfigurations = (
				78BE60B929EB445700841486 /* Debug */,
				78BE60BA29EB445700841486 /* Release */,
			);
			defaultConfigurationIsVisible = 0;
			defaultConfigurationName = Release;
		};
		78BE60BB29EB445700841486 /* Build configuration list for PBXNativeTarget "assessment-iosTests" */ = {
			isa = XCConfigurationList;
			buildConfigurations = (
				78BE60BC29EB445700841486 /* Debug */,
				78BE60BD29EB445700841486 /* Release */,
			);
			defaultConfigurationIsVisible = 0;
			defaultConfigurationName = Release;
		};
		78BE60BE29EB445700841486 /* Build configuration list for PBXNativeTarget "assessment-iosUITests" */ = {
			isa = XCConfigurationList;
			buildConfigurations = (
				78BE60BF29EB445700841486 /* Debug */,
				78BE60C029EB445700841486 /* Release */,
			);
			defaultConfigurationIsVisible = 0;
			defaultConfigurationName = Release;
		};
/* End XCConfigurationList section */

/* Begin XCRemoteSwiftPackageReference section */
		3DA9319329F1B21A00F4D5BD /* XCRemoteSwiftPackageReference "SDWebImageSwiftUI" */ = {
			isa = XCRemoteSwiftPackageReference;
			repositoryURL = "https://github.com/SDWebImage/SDWebImageSwiftUI.git";
			requirement = {
				branch = master;
				kind = branch;
			};
		};
		3DA9319D29F1E56E00F4D5BD /* XCRemoteSwiftPackageReference "realm-cocoa" */ = {
			isa = XCRemoteSwiftPackageReference;
			repositoryURL = "https://github.com/realm/realm-cocoa.git";
			requirement = {
				branch = master;
				kind = branch;
			};
		};
/* End XCRemoteSwiftPackageReference section */

/* Begin XCSwiftPackageProductDependency section */
		3DA9319429F1B21A00F4D5BD /* SDWebImageSwiftUI */ = {
			isa = XCSwiftPackageProductDependency;
			package = 3DA9319329F1B21A00F4D5BD /* XCRemoteSwiftPackageReference "SDWebImageSwiftUI" */;
			productName = SDWebImageSwiftUI;
		};
		3DA9319E29F1E56E00F4D5BD /* Realm */ = {
			isa = XCSwiftPackageProductDependency;
			package = 3DA9319D29F1E56E00F4D5BD /* XCRemoteSwiftPackageReference "realm-cocoa" */;
			productName = Realm;
		};
		3DA931A029F1E56E00F4D5BD /* RealmSwift */ = {
			isa = XCSwiftPackageProductDependency;
			package = 3DA9319D29F1E56E00F4D5BD /* XCRemoteSwiftPackageReference "realm-cocoa" */;
			productName = RealmSwift;
		};
/* End XCSwiftPackageProductDependency section */

/* Begin XCVersionGroup section */
		78BE609D29EB445700841486 /* assessment_ios.xcdatamodeld */ = {
			isa = XCVersionGroup;
			children = (
				78BE609E29EB445700841486 /* assessment_ios.xcdatamodel */,
			);
			currentVersion = 78BE609E29EB445700841486 /* assessment_ios.xcdatamodel */;
			path = assessment_ios.xcdatamodeld;
			sourceTree = "<group>";
			versionGroupType = wrapper.xcdatamodel;
		};
/* End XCVersionGroup section */
	};
	rootObject = 78BE608729EB445500841486 /* Project object */;
}
